// !$*UTF8*$!
{
	archiveVersion = 1;
	classes = {
	};
	objectVersion = 56;
	objects = {

/* Begin PBXBuildFile section */
		901C60282B3462D40082767E /* BarcodeScannerView.swift in Sources */ = {isa = PBXBuildFile; fileRef = 901C60272B3462D40082767E /* BarcodeScannerView.swift */; };
		901C602A2B346C9B0082767E /* BookSearchManager.swift in Sources */ = {isa = PBXBuildFile; fileRef = 901C60292B346C9B0082767E /* BookSearchManager.swift */; };
		901C602C2B346D1C0082767E /* BookModel.swift in Sources */ = {isa = PBXBuildFile; fileRef = 901C602B2B346D1C0082767E /* BookModel.swift */; };
		909CA45F2B23B3C100104EB5 /* TinyLibraryApp.swift in Sources */ = {isa = PBXBuildFile; fileRef = 909CA45E2B23B3C100104EB5 /* TinyLibraryApp.swift */; };
		909CA4612B23B3C100104EB5 /* ContentView.swift in Sources */ = {isa = PBXBuildFile; fileRef = 909CA4602B23B3C100104EB5 /* ContentView.swift */; };
		909CA4632B23B3C300104EB5 /* Assets.xcassets in Resources */ = {isa = PBXBuildFile; fileRef = 909CA4622B23B3C300104EB5 /* Assets.xcassets */; };
		909CA4662B23B3C300104EB5 /* Preview Assets.xcassets in Resources */ = {isa = PBXBuildFile; fileRef = 909CA4652B23B3C300104EB5 /* Preview Assets.xcassets */; };
		90DB9CAE2B25D0EA0042B95B /* ListView.swift in Sources */ = {isa = PBXBuildFile; fileRef = 90DB9CAD2B25D0EA0042B95B /* ListView.swift */; };
		90DB9CB02B25D0FD0042B95B /* AddBook.swift in Sources */ = {isa = PBXBuildFile; fileRef = 90DB9CAF2B25D0FD0042B95B /* AddBook.swift */; };
		90DB9CB22B25D10B0042B95B /* Book.swift in Sources */ = {isa = PBXBuildFile; fileRef = 90DB9CB12B25D10B0042B95B /* Book.swift */; };
		90DB9CB42B25D11E0042B95B /* BookDetailView.swift in Sources */ = {isa = PBXBuildFile; fileRef = 90DB9CB32B25D11E0042B95B /* BookDetailView.swift */; };
		90DB9CB62B25D1360042B95B /* CircularProgressBar.swift in Sources */ = {isa = PBXBuildFile; fileRef = 90DB9CB52B25D1360042B95B /* CircularProgressBar.swift */; };
		90DB9CB82B25D1490042B95B /* ImagePicker.swift in Sources */ = {isa = PBXBuildFile; fileRef = 90DB9CB72B25D1490042B95B /* ImagePicker.swift */; };
		90DB9CBA2B25D1540042B95B /* Library.swift in Sources */ = {isa = PBXBuildFile; fileRef = 90DB9CB92B25D1540042B95B /* Library.swift */; };
		90DB9CBC2B25D1AD0042B95B /* defaultCover.png in Resources */ = {isa = PBXBuildFile; fileRef = 90DB9CBB2B25D1AD0042B95B /* defaultCover.png */; };
		90DB9CBF2B25E7780042B95B /* DocumentScannerView.swift in Sources */ = {isa = PBXBuildFile; fileRef = 90DB9CBE2B25E7780042B95B /* DocumentScannerView.swift */; };
		90DFFC8D2B34B66A009F88D0 /* LoadingView.swift in Sources */ = {isa = PBXBuildFile; fileRef = 90DFFC8C2B34B66A009F88D0 /* LoadingView.swift */; };
/* End PBXBuildFile section */

/* Begin PBXFileReference section */
		901C60272B3462D40082767E /* BarcodeScannerView.swift */ = {isa = PBXFileReference; lastKnownFileType = sourcecode.swift; path = BarcodeScannerView.swift; sourceTree = "<group>"; };
		901C60292B346C9B0082767E /* BookSearchManager.swift */ = {isa = PBXFileReference; lastKnownFileType = sourcecode.swift; name = BookSearchManager.swift; path = ../View/BookSearchManager.swift; sourceTree = "<group>"; };
		901C602B2B346D1C0082767E /* BookModel.swift */ = {isa = PBXFileReference; lastKnownFileType = sourcecode.swift; path = BookModel.swift; sourceTree = "<group>"; };
		909CA45B2B23B3C100104EB5 /* TinyLibrary.app */ = {isa = PBXFileReference; explicitFileType = wrapper.application; includeInIndex = 0; path = TinyLibrary.app; sourceTree = BUILT_PRODUCTS_DIR; };
		909CA45E2B23B3C100104EB5 /* TinyLibraryApp.swift */ = {isa = PBXFileReference; lastKnownFileType = sourcecode.swift; path = TinyLibraryApp.swift; sourceTree = "<group>"; };
		909CA4602B23B3C100104EB5 /* ContentView.swift */ = {isa = PBXFileReference; lastKnownFileType = sourcecode.swift; path = ContentView.swift; sourceTree = "<group>"; };
		909CA4622B23B3C300104EB5 /* Assets.xcassets */ = {isa = PBXFileReference; lastKnownFileType = folder.assetcatalog; path = Assets.xcassets; sourceTree = "<group>"; };
		909CA4652B23B3C300104EB5 /* Preview Assets.xcassets */ = {isa = PBXFileReference; lastKnownFileType = folder.assetcatalog; path = "Preview Assets.xcassets"; sourceTree = "<group>"; };
		90DB9CAD2B25D0EA0042B95B /* ListView.swift */ = {isa = PBXFileReference; lastKnownFileType = sourcecode.swift; path = ListView.swift; sourceTree = "<group>"; };
		90DB9CAF2B25D0FD0042B95B /* AddBook.swift */ = {isa = PBXFileReference; lastKnownFileType = sourcecode.swift; path = AddBook.swift; sourceTree = "<group>"; };
		90DB9CB12B25D10B0042B95B /* Book.swift */ = {isa = PBXFileReference; lastKnownFileType = sourcecode.swift; path = Book.swift; sourceTree = "<group>"; };
		90DB9CB32B25D11E0042B95B /* BookDetailView.swift */ = {isa = PBXFileReference; lastKnownFileType = sourcecode.swift; path = BookDetailView.swift; sourceTree = "<group>"; };
		90DB9CB52B25D1360042B95B /* CircularProgressBar.swift */ = {isa = PBXFileReference; lastKnownFileType = sourcecode.swift; path = CircularProgressBar.swift; sourceTree = "<group>"; };
		90DB9CB72B25D1490042B95B /* ImagePicker.swift */ = {isa = PBXFileReference; lastKnownFileType = sourcecode.swift; path = ImagePicker.swift; sourceTree = "<group>"; };
		90DB9CB92B25D1540042B95B /* Library.swift */ = {isa = PBXFileReference; lastKnownFileType = sourcecode.swift; path = Library.swift; sourceTree = "<group>"; };
		90DB9CBB2B25D1AD0042B95B /* defaultCover.png */ = {isa = PBXFileReference; lastKnownFileType = image.png; path = defaultCover.png; sourceTree = "<group>"; };
		90DB9CBD2B25DB900042B95B /* Info.plist */ = {isa = PBXFileReference; lastKnownFileType = text.plist; path = Info.plist; sourceTree = "<group>"; };
		90DB9CBE2B25E7780042B95B /* DocumentScannerView.swift */ = {isa = PBXFileReference; lastKnownFileType = sourcecode.swift; path = DocumentScannerView.swift; sourceTree = "<group>"; };
		90DFFC8C2B34B66A009F88D0 /* LoadingView.swift */ = {isa = PBXFileReference; lastKnownFileType = sourcecode.swift; path = LoadingView.swift; sourceTree = "<group>"; };
/* End PBXFileReference section */

/* Begin PBXFrameworksBuildPhase section */
		909CA4582B23B3C100104EB5 /* Frameworks */ = {
			isa = PBXFrameworksBuildPhase;
			buildActionMask = 2147483647;
			files = (
			);
			runOnlyForDeploymentPostprocessing = 0;
		};
/* End PBXFrameworksBuildPhase section */

/* Begin PBXGroup section */
		909CA4522B23B3C100104EB5 = {
			isa = PBXGroup;
			children = (
				909CA45D2B23B3C100104EB5 /* TinyLibrary */,
				909CA45C2B23B3C100104EB5 /* Products */,
			);
			sourceTree = "<group>";
		};
		909CA45C2B23B3C100104EB5 /* Products */ = {
			isa = PBXGroup;
			children = (
				909CA45B2B23B3C100104EB5 /* TinyLibrary.app */,
			);
			name = Products;
			sourceTree = "<group>";
		};
		909CA45D2B23B3C100104EB5 /* TinyLibrary */ = {
			isa = PBXGroup;
			children = (
				90B91C212B263369002CACFE /* View */,
				90B91C202B263362002CACFE /* Model */,
				90DB9CBD2B25DB900042B95B /* Info.plist */,
				909CA45E2B23B3C100104EB5 /* TinyLibraryApp.swift */,
				909CA4622B23B3C300104EB5 /* Assets.xcassets */,
				90DB9CBB2B25D1AD0042B95B /* defaultCover.png */,
				909CA4642B23B3C300104EB5 /* Preview Content */,
			);
			path = TinyLibrary;
			sourceTree = "<group>";
		};
		909CA4642B23B3C300104EB5 /* Preview Content */ = {
			isa = PBXGroup;
			children = (
				909CA4652B23B3C300104EB5 /* Preview Assets.xcassets */,
			);
			path = "Preview Content";
			sourceTree = "<group>";
		};
		90B91C202B263362002CACFE /* Model */ = {
			isa = PBXGroup;
			children = (
				901C60292B346C9B0082767E /* BookSearchManager.swift */,
				90DB9CB12B25D10B0042B95B /* Book.swift */,
				90DB9CB92B25D1540042B95B /* Library.swift */,
				901C602B2B346D1C0082767E /* BookModel.swift */,
			);
			path = Model;
			sourceTree = "<group>";
		};
		90B91C212B263369002CACFE /* View */ = {
			isa = PBXGroup;
			children = (
				90DB9CAD2B25D0EA0042B95B /* ListView.swift */,
				90DB9CAF2B25D0FD0042B95B /* AddBook.swift */,
				90DFFC8C2B34B66A009F88D0 /* LoadingView.swift */,
				90DB9CBE2B25E7780042B95B /* DocumentScannerView.swift */,
				901C60272B3462D40082767E /* BarcodeScannerView.swift */,
				90DB9CB32B25D11E0042B95B /* BookDetailView.swift */,
				90DB9CB52B25D1360042B95B /* CircularProgressBar.swift */,
				90DB9CB72B25D1490042B95B /* ImagePicker.swift */,
				909CA4602B23B3C100104EB5 /* ContentView.swift */,
			);
			path = View;
			sourceTree = "<group>";
		};
/* End PBXGroup section */

/* Begin PBXNativeTarget section */
		909CA45A2B23B3C100104EB5 /* TinyLibrary */ = {
			isa = PBXNativeTarget;
			buildConfigurationList = 909CA4692B23B3C300104EB5 /* Build configuration list for PBXNativeTarget "TinyLibrary" */;
			buildPhases = (
				909CA4572B23B3C100104EB5 /* Sources */,
				909CA4582B23B3C100104EB5 /* Frameworks */,
				909CA4592B23B3C100104EB5 /* Resources */,
			);
			buildRules = (
			);
			dependencies = (
			);
			name = TinyLibrary;
			productName = TinyLibrary;
			productReference = 909CA45B2B23B3C100104EB5 /* TinyLibrary.app */;
			productType = "com.apple.product-type.application";
		};
/* End PBXNativeTarget section */

/* Begin PBXProject section */
		909CA4532B23B3C100104EB5 /* Project object */ = {
			isa = PBXProject;
			attributes = {
				BuildIndependentTargetsInParallel = 1;
				LastSwiftUpdateCheck = 1500;
				LastUpgradeCheck = 1500;
				TargetAttributes = {
					909CA45A2B23B3C100104EB5 = {
						CreatedOnToolsVersion = 15.0.1;
					};
				};
			};
			buildConfigurationList = 909CA4562B23B3C100104EB5 /* Build configuration list for PBXProject "TinyLibrary" */;
			compatibilityVersion = "Xcode 14.0";
			developmentRegion = en;
			hasScannedForEncodings = 0;
			knownRegions = (
				en,
				Base,
			);
			mainGroup = 909CA4522B23B3C100104EB5;
			productRefGroup = 909CA45C2B23B3C100104EB5 /* Products */;
			projectDirPath = "";
			projectRoot = "";
			targets = (
				909CA45A2B23B3C100104EB5 /* TinyLibrary */,
			);
		};
/* End PBXProject section */

/* Begin PBXResourcesBuildPhase section */
		909CA4592B23B3C100104EB5 /* Resources */ = {
			isa = PBXResourcesBuildPhase;
			buildActionMask = 2147483647;
			files = (
				90DB9CBC2B25D1AD0042B95B /* defaultCover.png in Resources */,
				909CA4662B23B3C300104EB5 /* Preview Assets.xcassets in Resources */,
				909CA4632B23B3C300104EB5 /* Assets.xcassets in Resources */,
			);
			runOnlyForDeploymentPostprocessing = 0;
		};
/* End PBXResourcesBuildPhase section */

/* Begin PBXSourcesBuildPhase section */
		909CA4572B23B3C100104EB5 /* Sources */ = {
			isa = PBXSourcesBuildPhase;
			buildActionMask = 2147483647;
			files = (
				90DB9CB02B25D0FD0042B95B /* AddBook.swift in Sources */,
				909CA4612B23B3C100104EB5 /* ContentView.swift in Sources */,
				909CA45F2B23B3C100104EB5 /* TinyLibraryApp.swift in Sources */,
				901C60282B3462D40082767E /* BarcodeScannerView.swift in Sources */,
				90DB9CB22B25D10B0042B95B /* Book.swift in Sources */,
				90DFFC8D2B34B66A009F88D0 /* LoadingView.swift in Sources */,
				90DB9CB62B25D1360042B95B /* CircularProgressBar.swift in Sources */,
				901C602C2B346D1C0082767E /* BookModel.swift in Sources */,
				90DB9CBF2B25E7780042B95B /* DocumentScannerView.swift in Sources */,
				90DB9CB82B25D1490042B95B /* ImagePicker.swift in Sources */,
				90DB9CB42B25D11E0042B95B /* BookDetailView.swift in Sources */,
				90DB9CAE2B25D0EA0042B95B /* ListView.swift in Sources */,
				901C602A2B346C9B0082767E /* BookSearchManager.swift in Sources */,
				90DB9CBA2B25D1540042B95B /* Library.swift in Sources */,
			);
			runOnlyForDeploymentPostprocessing = 0;
		};
/* End PBXSourcesBuildPhase section */

/* Begin XCBuildConfiguration section */
		909CA4672B23B3C300104EB5 /* Debug */ = {
			isa = XCBuildConfiguration;
			buildSettings = {
				ALWAYS_SEARCH_USER_PATHS = NO;
				ASSETCATALOG_COMPILER_GENERATE_SWIFT_ASSET_SYMBOL_EXTENSIONS = YES;
				CLANG_ANALYZER_NONNULL = YES;
				CLANG_ANALYZER_NUMBER_OBJECT_CONVERSION = YES_AGGRESSIVE;
				CLANG_CXX_LANGUAGE_STANDARD = "gnu++20";
				CLANG_ENABLE_MODULES = YES;
				CLANG_ENABLE_OBJC_ARC = YES;
				CLANG_ENABLE_OBJC_WEAK = YES;
				CLANG_WARN_BLOCK_CAPTURE_AUTORELEASING = YES;
				CLANG_WARN_BOOL_CONVERSION = YES;
				CLANG_WARN_COMMA = YES;
				CLANG_WARN_CONSTANT_CONVERSION = YES;
				CLANG_WARN_DEPRECATED_OBJC_IMPLEMENTATIONS = YES;
				CLANG_WARN_DIRECT_OBJC_ISA_USAGE = YES_ERROR;
				CLANG_WARN_DOCUMENTATION_COMMENTS = YES;
				CLANG_WARN_EMPTY_BODY = YES;
				CLANG_WARN_ENUM_CONVERSION = YES;
				CLANG_WARN_INFINITE_RECURSION = YES;
				CLANG_WARN_INT_CONVERSION = YES;
				CLANG_WARN_NON_LITERAL_NULL_CONVERSION = YES;
				CLANG_WARN_OBJC_IMPLICIT_RETAIN_SELF = YES;
				CLANG_WARN_OBJC_LITERAL_CONVERSION = YES;
				CLANG_WARN_OBJC_ROOT_CLASS = YES_ERROR;
				CLANG_WARN_QUOTED_INCLUDE_IN_FRAMEWORK_HEADER = YES;
				CLANG_WARN_RANGE_LOOP_ANALYSIS = YES;
				CLANG_WARN_STRICT_PROTOTYPES = YES;
				CLANG_WARN_SUSPICIOUS_MOVE = YES;
				CLANG_WARN_UNGUARDED_AVAILABILITY = YES_AGGRESSIVE;
				CLANG_WARN_UNREACHABLE_CODE = YES;
				CLANG_WARN__DUPLICATE_METHOD_MATCH = YES;
				COPY_PHASE_STRIP = NO;
				DEBUG_INFORMATION_FORMAT = dwarf;
				ENABLE_STRICT_OBJC_MSGSEND = YES;
				ENABLE_TESTABILITY = YES;
				ENABLE_USER_SCRIPT_SANDBOXING = YES;
				GCC_C_LANGUAGE_STANDARD = gnu17;
				GCC_DYNAMIC_NO_PIC = NO;
				GCC_NO_COMMON_BLOCKS = YES;
				GCC_OPTIMIZATION_LEVEL = 0;
				GCC_PREPROCESSOR_DEFINITIONS = (
					"DEBUG=1",
					"$(inherited)",
				);
				GCC_WARN_64_TO_32_BIT_CONVERSION = YES;
				GCC_WARN_ABOUT_RETURN_TYPE = YES_ERROR;
				GCC_WARN_UNDECLARED_SELECTOR = YES;
				GCC_WARN_UNINITIALIZED_AUTOS = YES_AGGRESSIVE;
				GCC_WARN_UNUSED_FUNCTION = YES;
				GCC_WARN_UNUSED_VARIABLE = YES;
				IPHONEOS_DEPLOYMENT_TARGET = 17.0;
				LOCALIZATION_PREFERS_STRING_CATALOGS = YES;
				MTL_ENABLE_DEBUG_INFO = INCLUDE_SOURCE;
				MTL_FAST_MATH = YES;
				ONLY_ACTIVE_ARCH = YES;
				SDKROOT = iphoneos;
				SWIFT_ACTIVE_COMPILATION_CONDITIONS = "DEBUG $(inherited)";
				SWIFT_OPTIMIZATION_LEVEL = "-Onone";
			};
			name = Debug;
		};
		909CA4682B23B3C300104EB5 /* Release */ = {
			isa = XCBuildConfiguration;
			buildSettings = {
				ALWAYS_SEARCH_USER_PATHS = NO;
				ASSETCATALOG_COMPILER_GENERATE_SWIFT_ASSET_SYMBOL_EXTENSIONS = YES;
				CLANG_ANALYZER_NONNULL = YES;
				CLANG_ANALYZER_NUMBER_OBJECT_CONVERSION = YES_AGGRESSIVE;
				CLANG_CXX_LANGUAGE_STANDARD = "gnu++20";
				CLANG_ENABLE_MODULES = YES;
				CLANG_ENABLE_OBJC_ARC = YES;
				CLANG_ENABLE_OBJC_WEAK = YES;
				CLANG_WARN_BLOCK_CAPTURE_AUTORELEASING = YES;
				CLANG_WARN_BOOL_CONVERSION = YES;
				CLANG_WARN_COMMA = YES;
				CLANG_WARN_CONSTANT_CONVERSION = YES;
				CLANG_WARN_DEPRECATED_OBJC_IMPLEMENTATIONS = YES;
				CLANG_WARN_DIRECT_OBJC_ISA_USAGE = YES_ERROR;
				CLANG_WARN_DOCUMENTATION_COMMENTS = YES;
				CLANG_WARN_EMPTY_BODY = YES;
				CLANG_WARN_ENUM_CONVERSION = YES;
				CLANG_WARN_INFINITE_RECURSION = YES;
				CLANG_WARN_INT_CONVERSION = YES;
				CLANG_WARN_NON_LITERAL_NULL_CONVERSION = YES;
				CLANG_WARN_OBJC_IMPLICIT_RETAIN_SELF = YES;
				CLANG_WARN_OBJC_LITERAL_CONVERSION = YES;
				CLANG_WARN_OBJC_ROOT_CLASS = YES_ERROR;
				CLANG_WARN_QUOTED_INCLUDE_IN_FRAMEWORK_HEADER = YES;
				CLANG_WARN_RANGE_LOOP_ANALYSIS = YES;
				CLANG_WARN_STRICT_PROTOTYPES = YES;
				CLANG_WARN_SUSPICIOUS_MOVE = YES;
				CLANG_WARN_UNGUARDED_AVAILABILITY = YES_AGGRESSIVE;
				CLANG_WARN_UNREACHABLE_CODE = YES;
				CLANG_WARN__DUPLICATE_METHOD_MATCH = YES;
				COPY_PHASE_STRIP = NO;
				DEBUG_INFORMATION_FORMAT = "dwarf-with-dsym";
				ENABLE_NS_ASSERTIONS = NO;
				ENABLE_STRICT_OBJC_MSGSEND = YES;
				ENABLE_USER_SCRIPT_SANDBOXING = YES;
				GCC_C_LANGUAGE_STANDARD = gnu17;
				GCC_NO_COMMON_BLOCKS = YES;
				GCC_WARN_64_TO_32_BIT_CONVERSION = YES;
				GCC_WARN_ABOUT_RETURN_TYPE = YES_ERROR;
				GCC_WARN_UNDECLARED_SELECTOR = YES;
				GCC_WARN_UNINITIALIZED_AUTOS = YES_AGGRESSIVE;
				GCC_WARN_UNUSED_FUNCTION = YES;
				GCC_WARN_UNUSED_VARIABLE = YES;
				IPHONEOS_DEPLOYMENT_TARGET = 17.0;
				LOCALIZATION_PREFERS_STRING_CATALOGS = YES;
				MTL_ENABLE_DEBUG_INFO = NO;
				MTL_FAST_MATH = YES;
				SDKROOT = iphoneos;
				SWIFT_COMPILATION_MODE = wholemodule;
				VALIDATE_PRODUCT = YES;
			};
			name = Release;
		};
		909CA46A2B23B3C300104EB5 /* Debug */ = {
			isa = XCBuildConfiguration;
			buildSettings = {
				ASSETCATALOG_COMPILER_APPICON_NAME = AppIcon;
				ASSETCATALOG_COMPILER_GLOBAL_ACCENT_COLOR_NAME = AccentColor;
				CODE_SIGN_STYLE = Automatic;
				CURRENT_PROJECT_VERSION = 1;
				DEVELOPMENT_ASSET_PATHS = "\"TinyLibrary/Preview Content\"";
				DEVELOPMENT_TEAM = 2L8JQV2D2N;
				ENABLE_PREVIEWS = YES;
				GENERATE_INFOPLIST_FILE = YES;
				INFOPLIST_FILE = TinyLibrary/Info.plist;
				INFOPLIST_KEY_NSCameraUsageDescription = "TinyLibrary needs to access your camera to detect book covers";
				INFOPLIST_KEY_UIApplicationSceneManifest_Generation = YES;
				INFOPLIST_KEY_UIApplicationSupportsIndirectInputEvents = YES;
				INFOPLIST_KEY_UILaunchScreen_Generation = YES;
				INFOPLIST_KEY_UISupportedInterfaceOrientations_iPad = "UIInterfaceOrientationPortrait UIInterfaceOrientationPortraitUpsideDown UIInterfaceOrientationLandscapeLeft UIInterfaceOrientationLandscapeRight";
				INFOPLIST_KEY_UISupportedInterfaceOrientations_iPhone = "UIInterfaceOrientationPortrait UIInterfaceOrientationLandscapeLeft UIInterfaceOrientationLandscapeRight";
				LD_RUNPATH_SEARCH_PATHS = (
					"$(inherited)",
					"@executable_path/Frameworks",
				);
				MARKETING_VERSION = 1.0;
				PRODUCT_BUNDLE_IDENTIFIER = com.mertbora.TinyLibrary;
				PRODUCT_NAME = "$(TARGET_NAME)";
				SWIFT_EMIT_LOC_STRINGS = YES;
				SWIFT_VERSION = 5.0;
				TARGETED_DEVICE_FAMILY = "1,2";
			};
			name = Debug;
		};
		909CA46B2B23B3C300104EB5 /* Release */ = {
			isa = XCBuildConfiguration;
			buildSettings = {
				ASSETCATALOG_COMPILER_APPICON_NAME = AppIcon;
				ASSETCATALOG_COMPILER_GLOBAL_ACCENT_COLOR_NAME = AccentColor;
				CODE_SIGN_STYLE = Automatic;
				CURRENT_PROJECT_VERSION = 1;
				DEVELOPMENT_ASSET_PATHS = "\"TinyLibrary/Preview Content\"";
				DEVELOPMENT_TEAM = 2L8JQV2D2N;
				ENABLE_PREVIEWS = YES;
				GENERATE_INFOPLIST_FILE = YES;
				INFOPLIST_FILE = TinyLibrary/Info.plist;
				INFOPLIST_KEY_NSCameraUsageDescription = "TinyLibrary needs to access your camera to detect book covers";
				INFOPLIST_KEY_UIApplicationSceneManifest_Generation = YES;
				INFOPLIST_KEY_UIApplicationSupportsIndirectInputEvents = YES;
				INFOPLIST_KEY_UILaunchScreen_Generation = YES;
				INFOPLIST_KEY_UISupportedInterfaceOrientations_iPad = "UIInterfaceOrientationPortrait UIInterfaceOrientationPortraitUpsideDown UIInterfaceOrientationLandscapeLeft UIInterfaceOrientationLandscapeRight";
				INFOPLIST_KEY_UISupportedInterfaceOrientations_iPhone = "UIInterfaceOrientationPortrait UIInterfaceOrientationLandscapeLeft UIInterfaceOrientationLandscapeRight";
				LD_RUNPATH_SEARCH_PATHS = (
					"$(inherited)",
					"@executable_path/Frameworks",
				);
				MARKETING_VERSION = 1.0;
				PRODUCT_BUNDLE_IDENTIFIER = com.mertbora.TinyLibrary;
				PRODUCT_NAME = "$(TARGET_NAME)";
				SWIFT_EMIT_LOC_STRINGS = YES;
				SWIFT_VERSION = 5.0;
				TARGETED_DEVICE_FAMILY = "1,2";
			};
			name = Release;
		};
/* End XCBuildConfiguration section */

/* Begin XCConfigurationList section */
		909CA4562B23B3C100104EB5 /* Build configuration list for PBXProject "TinyLibrary" */ = {
			isa = XCConfigurationList;
			buildConfigurations = (
				909CA4672B23B3C300104EB5 /* Debug */,
				909CA4682B23B3C300104EB5 /* Release */,
			);
			defaultConfigurationIsVisible = 0;
			defaultConfigurationName = Release;
		};
		909CA4692B23B3C300104EB5 /* Build configuration list for PBXNativeTarget "TinyLibrary" */ = {
			isa = XCConfigurationList;
			buildConfigurations = (
				909CA46A2B23B3C300104EB5 /* Debug */,
				909CA46B2B23B3C300104EB5 /* Release */,
			);
			defaultConfigurationIsVisible = 0;
			defaultConfigurationName = Release;
		};
/* End XCConfigurationList section */
	};
	rootObject = 909CA4532B23B3C100104EB5 /* Project object */;
}
